
Microsoft Visual Studio Solution File, Format Version 12.00
# Visual Studio Version 16
VisualStudioVersion = 16.0.29209.62
MinimumVisualStudioVersion = 10.0.40219.1
Project("{9092AA53-FB77-4645-B42D-1CCCA6BD08BD}") = "KrishiesBar", "KrishiesBar\KrishiesBar.njsproj", "{C1508522-1D50-4C8E-8D78-571EECC73B96}"
EndProject
Global
	GlobalSection(SolutionConfigurationPlatforms) = preSolution
		Debug|Any CPU = Debug|Any CPU
		Release|Any CPU = Release|Any CPU
	EndGlobalSection
	GlobalSection(ProjectConfigurationPlatforms) = postSolution
		{C1508522-1D50-4C8E-8D78-571EECC73B96}.Debug|Any CPU.ActiveCfg = Debug|Any CPU
		{C1508522-1D50-4C8E-8D78-571EECC73B96}.Debug|Any CPU.Build.0 = Debug|Any CPU
		{C1508522-1D50-4C8E-8D78-571EECC73B96}.Release|Any CPU.ActiveCfg = Release|Any CPU
		{C1508522-1D50-4C8E-8D78-571EECC73B96}.Release|Any CPU.Build.0 = Release|Any CPU
	EndGlobalSection
	GlobalSection(SolutionProperties) = preSolution
		HideSolutionNode = FALSE
	EndGlobalSection
	GlobalSection(ExtensibilityGlobals) = postSolution
		SolutionGuid = {3FBADC10-29D3-486C-8A72-C6426E1D7A6B}
	EndGlobalSection
EndGlobal
